
Microsoft Visual Studio Solution File, Format Version 12.00
# Visual Studio Version 17
VisualStudioVersion = 17.5.33516.290
MinimumVisualStudioVersion = 10.0.40219.1
Project("{9A19103F-16F7-4668-BE54-9A1E7A4F7556}") = "BrodUI", "BrodUI\BrodUI.csproj", "{43474255-98F4-4D83-A51D-C3D5D406D797}"
EndProject
Project("{9A19103F-16F7-4668-BE54-9A1E7A4F7556}") = "BrodUITests", "BrodUITests\BrodUITests.csproj", "{11FAB076-EAFC-4AE9-86C9-006D9DC38AAD}"
EndProject
Global
	GlobalSection(SolutionConfigurationPlatforms) = preSolution
		Debug|Any CPU = Debug|Any CPU
		Release|Any CPU = Release|Any CPU
	EndGlobalSection
	GlobalSection(ProjectConfigurationPlatforms) = postSolution
		{43474255-98F4-4D83-A51D-C3D5D406D797}.Debug|Any CPU.ActiveCfg = Debug|Any CPU
		{43474255-98F4-4D83-A51D-C3D5D406D797}.Debug|Any CPU.Build.0 = Debug|Any CPU
		{43474255-98F4-4D83-A51D-C3D5D406D797}.Release|Any CPU.ActiveCfg = Release|Any CPU
		{43474255-98F4-4D83-A51D-C3D5D406D797}.Release|Any CPU.Build.0 = Release|Any CPU
		{11FAB076-EAFC-4AE9-86C9-006D9DC38AAD}.Debug|Any CPU.ActiveCfg = Debug|Any CPU
		{11FAB076-EAFC-4AE9-86C9-006D9DC38AAD}.Debug|Any CPU.Build.0 = Debug|Any CPU
		{11FAB076-EAFC-4AE9-86C9-006D9DC38AAD}.Release|Any CPU.ActiveCfg = Release|Any CPU
		{11FAB076-EAFC-4AE9-86C9-006D9DC38AAD}.Release|Any CPU.Build.0 = Release|Any CPU
	EndGlobalSection
	GlobalSection(SolutionProperties) = preSolution
		HideSolutionNode = FALSE
	EndGlobalSection
	GlobalSection(ExtensibilityGlobals) = postSolution
		SolutionGuid = {F932E50B-BD5D-4A62-BDE3-A5B72803F9BC}
	EndGlobalSection
EndGlobal
